// !$*UTF8*$!
{
	archiveVersion = 1;
	classes = {
	};
	objectVersion = 48;
	objects = {

/* Begin PBXBuildFile section */
		3123A501205C268800403CEE /* AppDelegate.swift in Sources */ = {isa = PBXBuildFile; fileRef = 3123A500205C268800403CEE /* AppDelegate.swift */; };
		3123A503205C268800403CEE /* AllCategoriesVC.swift in Sources */ = {isa = PBXBuildFile; fileRef = 3123A502205C268800403CEE /* AllCategoriesVC.swift */; };
		3123A506205C268800403CEE /* Main.storyboard in Resources */ = {isa = PBXBuildFile; fileRef = 3123A504205C268800403CEE /* Main.storyboard */; };
		3123A508205C268800403CEE /* Assets.xcassets in Resources */ = {isa = PBXBuildFile; fileRef = 3123A507205C268800403CEE /* Assets.xcassets */; };
		3123A50B205C268800403CEE /* LaunchScreen.storyboard in Resources */ = {isa = PBXBuildFile; fileRef = 3123A509205C268800403CEE /* LaunchScreen.storyboard */; };
		3123A515205C28AF00403CEE /* LogoLabel.swift in Sources */ = {isa = PBXBuildFile; fileRef = 3123A514205C28AF00403CEE /* LogoLabel.swift */; };
		3123A518205D364F00403CEE /* Category.swift in Sources */ = {isa = PBXBuildFile; fileRef = 3123A517205D364F00403CEE /* Category.swift */; };
		3123A51B205D370700403CEE /* DataService.swift in Sources */ = {isa = PBXBuildFile; fileRef = 3123A51A205D370700403CEE /* DataService.swift */; };
		3123A51D205D619800403CEE /* CategoryCell.swift in Sources */ = {isa = PBXBuildFile; fileRef = 3123A51C205D619800403CEE /* CategoryCell.swift */; };
		3123A51F205D89C000403CEE /* AppInfoVC.swift in Sources */ = {isa = PBXBuildFile; fileRef = 3123A51E205D89C000403CEE /* AppInfoVC.swift */; };
		3123A521205D980600403CEE /* SpecificCategoryVC.swift in Sources */ = {isa = PBXBuildFile; fileRef = 3123A520205D980600403CEE /* SpecificCategoryVC.swift */; };
		31CF0A77205DC1C000BC6F35 /* ItemCell.swift in Sources */ = {isa = PBXBuildFile; fileRef = 31CF0A76205DC1C000BC6F35 /* ItemCell.swift */; };
		31CF0A79205DC27000BC6F35 /* Item.swift in Sources */ = {isa = PBXBuildFile; fileRef = 31CF0A78205DC27000BC6F35 /* Item.swift */; };
/* End PBXBuildFile section */

/* Begin PBXFileReference section */
		3123A4FD205C268800403CEE /* trailguide.app */ = {isa = PBXFileReference; explicitFileType = wrapper.application; includeInIndex = 0; path = trailguide.app; sourceTree = BUILT_PRODUCTS_DIR; };
		3123A500205C268800403CEE /* AppDelegate.swift */ = {isa = PBXFileReference; lastKnownFileType = sourcecode.swift; path = AppDelegate.swift; sourceTree = "<group>"; };
		3123A502205C268800403CEE /* AllCategoriesVC.swift */ = {isa = PBXFileReference; lastKnownFileType = sourcecode.swift; path = AllCategoriesVC.swift; sourceTree = "<group>"; };
		3123A505205C268800403CEE /* Base */ = {isa = PBXFileReference; lastKnownFileType = file.storyboard; name = Base; path = Base.lproj/Main.storyboard; sourceTree = "<group>"; };
		3123A507205C268800403CEE /* Assets.xcassets */ = {isa = PBXFileReference; lastKnownFileType = folder.assetcatalog; path = Assets.xcassets; sourceTree = "<group>"; };
		3123A50A205C268800403CEE /* Base */ = {isa = PBXFileReference; lastKnownFileType = file.storyboard; name = Base; path = Base.lproj/LaunchScreen.storyboard; sourceTree = "<group>"; };
		3123A50C205C268800403CEE /* Info.plist */ = {isa = PBXFileReference; lastKnownFileType = text.plist.xml; path = Info.plist; sourceTree = "<group>"; };
		3123A514205C28AF00403CEE /* LogoLabel.swift */ = {isa = PBXFileReference; lastKnownFileType = sourcecode.swift; path = LogoLabel.swift; sourceTree = "<group>"; };
		3123A517205D364F00403CEE /* Category.swift */ = {isa = PBXFileReference; lastKnownFileType = sourcecode.swift; path = Category.swift; sourceTree = "<group>"; };
		3123A51A205D370700403CEE /* DataService.swift */ = {isa = PBXFileReference; lastKnownFileType = sourcecode.swift; path = DataService.swift; sourceTree = "<group>"; };
		3123A51C205D619800403CEE /* CategoryCell.swift */ = {isa = PBXFileReference; lastKnownFileType = sourcecode.swift; path = CategoryCell.swift; sourceTree = "<group>"; };
		3123A51E205D89C000403CEE /* AppInfoVC.swift */ = {isa = PBXFileReference; lastKnownFileType = sourcecode.swift; path = AppInfoVC.swift; sourceTree = "<group>"; };
		3123A520205D980600403CEE /* SpecificCategoryVC.swift */ = {isa = PBXFileReference; lastKnownFileType = sourcecode.swift; path = SpecificCategoryVC.swift; sourceTree = "<group>"; };
		31CF0A76205DC1C000BC6F35 /* ItemCell.swift */ = {isa = PBXFileReference; lastKnownFileType = sourcecode.swift; path = ItemCell.swift; sourceTree = "<group>"; };
		31CF0A78205DC27000BC6F35 /* Item.swift */ = {isa = PBXFileReference; lastKnownFileType = sourcecode.swift; path = Item.swift; sourceTree = "<group>"; };
/* End PBXFileReference section */

/* Begin PBXFrameworksBuildPhase section */
		3123A4FA205C268800403CEE /* Frameworks */ = {
			isa = PBXFrameworksBuildPhase;
			buildActionMask = 2147483647;
			files = (
			);
			runOnlyForDeploymentPostprocessing = 0;
		};
/* End PBXFrameworksBuildPhase section */

/* Begin PBXGroup section */
		3123A4F4205C268800403CEE = {
			isa = PBXGroup;
			children = (
				3123A4FF205C268800403CEE /* trailguide */,
				3123A4FE205C268800403CEE /* Products */,
			);
			sourceTree = "<group>";
		};
		3123A4FE205C268800403CEE /* Products */ = {
			isa = PBXGroup;
			children = (
				3123A4FD205C268800403CEE /* trailguide.app */,
			);
			name = Products;
			sourceTree = "<group>";
		};
		3123A4FF205C268800403CEE /* trailguide */ = {
			isa = PBXGroup;
			children = (
				3123A519205D36F800403CEE /* Services */,
				3123A516205D363C00403CEE /* Model */,
				3123A513205C285800403CEE /* View */,
				3123A512205C27A200403CEE /* Controller */,
				3123A500205C268800403CEE /* AppDelegate.swift */,
				3123A504205C268800403CEE /* Main.storyboard */,
				3123A507205C268800403CEE /* Assets.xcassets */,
				3123A509205C268800403CEE /* LaunchScreen.storyboard */,
				3123A50C205C268800403CEE /* Info.plist */,
			);
			path = trailguide;
			sourceTree = "<group>";
		};
		3123A512205C27A200403CEE /* Controller */ = {
			isa = PBXGroup;
			children = (
				3123A502205C268800403CEE /* AllCategoriesVC.swift */,
				3123A51E205D89C000403CEE /* AppInfoVC.swift */,
				3123A520205D980600403CEE /* SpecificCategoryVC.swift */,
			);
			path = Controller;
			sourceTree = "<group>";
		};
		3123A513205C285800403CEE /* View */ = {
			isa = PBXGroup;
			children = (
				3123A514205C28AF00403CEE /* LogoLabel.swift */,
				3123A51C205D619800403CEE /* CategoryCell.swift */,
				31CF0A76205DC1C000BC6F35 /* ItemCell.swift */,
			);
			path = View;
			sourceTree = "<group>";
		};
		3123A516205D363C00403CEE /* Model */ = {
			isa = PBXGroup;
			children = (
				3123A517205D364F00403CEE /* Category.swift */,
				31CF0A78205DC27000BC6F35 /* Item.swift */,
			);
			path = Model;
			sourceTree = "<group>";
		};
		3123A519205D36F800403CEE /* Services */ = {
			isa = PBXGroup;
			children = (
				3123A51A205D370700403CEE /* DataService.swift */,
			);
			path = Services;
			sourceTree = "<group>";
		};
/* End PBXGroup section */

/* Begin PBXNativeTarget section */
		3123A4FC205C268800403CEE /* trailguide */ = {
			isa = PBXNativeTarget;
			buildConfigurationList = 3123A50F205C268800403CEE /* Build configuration list for PBXNativeTarget "trailguide" */;
			buildPhases = (
				3123A4F9205C268800403CEE /* Sources */,
				3123A4FA205C268800403CEE /* Frameworks */,
				3123A4FB205C268800403CEE /* Resources */,
			);
			buildRules = (
			);
			dependencies = (
			);
			name = trailguide;
			productName = trailguide;
			productReference = 3123A4FD205C268800403CEE /* trailguide.app */;
			productType = "com.apple.product-type.application";
		};
/* End PBXNativeTarget section */

/* Begin PBXProject section */
		3123A4F5205C268800403CEE /* Project object */ = {
			isa = PBXProject;
			attributes = {
				LastSwiftUpdateCheck = 0920;
				LastUpgradeCheck = 0920;
				ORGANIZATIONNAME = "Daniel Bonehill";
				TargetAttributes = {
					3123A4FC205C268800403CEE = {
						CreatedOnToolsVersion = 9.2;
						ProvisioningStyle = Automatic;
					};
				};
			};
			buildConfigurationList = 3123A4F8205C268800403CEE /* Build configuration list for PBXProject "trailguide" */;
			compatibilityVersion = "Xcode 8.0";
			developmentRegion = en;
			hasScannedForEncodings = 0;
			knownRegions = (
				en,
				Base,
			);
			mainGroup = 3123A4F4205C268800403CEE;
			productRefGroup = 3123A4FE205C268800403CEE /* Products */;
			projectDirPath = "";
			projectRoot = "";
			targets = (
				3123A4FC205C268800403CEE /* trailguide */,
			);
		};
/* End PBXProject section */

/* Begin PBXResourcesBuildPhase section */
		3123A4FB205C268800403CEE /* Resources */ = {
			isa = PBXResourcesBuildPhase;
			buildActionMask = 2147483647;
			files = (
				3123A50B205C268800403CEE /* LaunchScreen.storyboard in Resources */,
				3123A508205C268800403CEE /* Assets.xcassets in Resources */,
				3123A506205C268800403CEE /* Main.storyboard in Resources */,
			);
			runOnlyForDeploymentPostprocessing = 0;
		};
/* End PBXResourcesBuildPhase section */

/* Begin PBXSourcesBuildPhase section */
		3123A4F9205C268800403CEE /* Sources */ = {
			isa = PBXSourcesBuildPhase;
			buildActionMask = 2147483647;
			files = (
				31CF0A79205DC27000BC6F35 /* Item.swift in Sources */,
				3123A521205D980600403CEE /* SpecificCategoryVC.swift in Sources */,
				3123A503205C268800403CEE /* AllCategoriesVC.swift in Sources */,
				31CF0A77205DC1C000BC6F35 /* ItemCell.swift in Sources */,
				3123A501205C268800403CEE /* AppDelegate.swift in Sources */,
				3123A515205C28AF00403CEE /* LogoLabel.swift in Sources */,
				3123A51F205D89C000403CEE /* AppInfoVC.swift in Sources */,
				3123A518205D364F00403CEE /* Category.swift in Sources */,
				3123A51B205D370700403CEE /* DataService.swift in Sources */,
				3123A51D205D619800403CEE /* CategoryCell.swift in Sources */,
			);
			runOnlyForDeploymentPostprocessing = 0;
		};
/* End PBXSourcesBuildPhase section */

/* Begin PBXVariantGroup section */
		3123A504205C268800403CEE /* Main.storyboard */ = {
			isa = PBXVariantGroup;
			children = (
				3123A505205C268800403CEE /* Base */,
			);
			name = Main.storyboard;
			sourceTree = "<group>";
		};
		3123A509205C268800403CEE /* LaunchScreen.storyboard */ = {
			isa = PBXVariantGroup;
			children = (
				3123A50A205C268800403CEE /* Base */,
			);
			name = LaunchScreen.storyboard;
			sourceTree = "<group>";
		};
/* End PBXVariantGroup section */

/* Begin XCBuildConfiguration section */
		3123A50D205C268800403CEE /* Debug */ = {
			isa = XCBuildConfiguration;
			buildSettings = {
				ALWAYS_SEARCH_USER_PATHS = NO;
				CLANG_ANALYZER_NONNULL = YES;
				CLANG_ANALYZER_NUMBER_OBJECT_CONVERSION = YES_AGGRESSIVE;
				CLANG_CXX_LANGUAGE_STANDARD = "gnu++14";
				CLANG_CXX_LIBRARY = "libc++";
				CLANG_ENABLE_MODULES = YES;
				CLANG_ENABLE_OBJC_ARC = YES;
				CLANG_WARN_BLOCK_CAPTURE_AUTORELEASING = YES;
				CLANG_WARN_BOOL_CONVERSION = YES;
				CLANG_WARN_COMMA = YES;
				CLANG_WARN_CONSTANT_CONVERSION = YES;
				CLANG_WARN_DIRECT_OBJC_ISA_USAGE = YES_ERROR;
				CLANG_WARN_DOCUMENTATION_COMMENTS = YES;
				CLANG_WARN_EMPTY_BODY = YES;
				CLANG_WARN_ENUM_CONVERSION = YES;
				CLANG_WARN_INFINITE_RECURSION = YES;
				CLANG_WARN_INT_CONVERSION = YES;
				CLANG_WARN_NON_LITERAL_NULL_CONVERSION = YES;
				CLANG_WARN_OBJC_LITERAL_CONVERSION = YES;
				CLANG_WARN_OBJC_ROOT_CLASS = YES_ERROR;
				CLANG_WARN_RANGE_LOOP_ANALYSIS = YES;
				CLANG_WARN_STRICT_PROTOTYPES = YES;
				CLANG_WARN_SUSPICIOUS_MOVE = YES;
				CLANG_WARN_UNGUARDED_AVAILABILITY = YES_AGGRESSIVE;
				CLANG_WARN_UNREACHABLE_CODE = YES;
				CLANG_WARN__DUPLICATE_METHOD_MATCH = YES;
				CODE_SIGN_IDENTITY = "iPhone Developer";
				COPY_PHASE_STRIP = NO;
				DEBUG_INFORMATION_FORMAT = dwarf;
				ENABLE_STRICT_OBJC_MSGSEND = YES;
				ENABLE_TESTABILITY = YES;
				GCC_C_LANGUAGE_STANDARD = gnu11;
				GCC_DYNAMIC_NO_PIC = NO;
				GCC_NO_COMMON_BLOCKS = YES;
				GCC_OPTIMIZATION_LEVEL = 0;
				GCC_PREPROCESSOR_DEFINITIONS = (
					"DEBUG=1",
					"$(inherited)",
				);
				GCC_WARN_64_TO_32_BIT_CONVERSION = YES;
				GCC_WARN_ABOUT_RETURN_TYPE = YES_ERROR;
				GCC_WARN_UNDECLARED_SELECTOR = YES;
				GCC_WARN_UNINITIALIZED_AUTOS = YES_AGGRESSIVE;
				GCC_WARN_UNUSED_FUNCTION = YES;
				GCC_WARN_UNUSED_VARIABLE = YES;
				IPHONEOS_DEPLOYMENT_TARGET = 11.2;
				MTL_ENABLE_DEBUG_INFO = YES;
				ONLY_ACTIVE_ARCH = YES;
				SDKROOT = iphoneos;
				SWIFT_ACTIVE_COMPILATION_CONDITIONS = DEBUG;
				SWIFT_OPTIMIZATION_LEVEL = "-Onone";
			};
			name = Debug;
		};
		3123A50E205C268800403CEE /* Release */ = {
			isa = XCBuildConfiguration;
			buildSettings = {
				ALWAYS_SEARCH_USER_PATHS = NO;
				CLANG_ANALYZER_NONNULL = YES;
				CLANG_ANALYZER_NUMBER_OBJECT_CONVERSION = YES_AGGRESSIVE;
				CLANG_CXX_LANGUAGE_STANDARD = "gnu++14";
				CLANG_CXX_LIBRARY = "libc++";
				CLANG_ENABLE_MODULES = YES;
				CLANG_ENABLE_OBJC_ARC = YES;
				CLANG_WARN_BLOCK_CAPTURE_AUTORELEASING = YES;
				CLANG_WARN_BOOL_CONVERSION = YES;
				CLANG_WARN_COMMA = YES;
				CLANG_WARN_CONSTANT_CONVERSION = YES;
				CLANG_WARN_DIRECT_OBJC_ISA_USAGE = YES_ERROR;
				CLANG_WARN_DOCUMENTATION_COMMENTS = YES;
				CLANG_WARN_EMPTY_BODY = YES;
				CLANG_WARN_ENUM_CONVERSION = YES;
				CLANG_WARN_INFINITE_RECURSION = YES;
				CLANG_WARN_INT_CONVERSION = YES;
				CLANG_WARN_NON_LITERAL_NULL_CONVERSION = YES;
				CLANG_WARN_OBJC_LITERAL_CONVERSION = YES;
				CLANG_WARN_OBJC_ROOT_CLASS = YES_ERROR;
				CLANG_WARN_RANGE_LOOP_ANALYSIS = YES;
				CLANG_WARN_STRICT_PROTOTYPES = YES;
				CLANG_WARN_SUSPICIOUS_MOVE = YES;
				CLANG_WARN_UNGUARDED_AVAILABILITY = YES_AGGRESSIVE;
				CLANG_WARN_UNREACHABLE_CODE = YES;
				CLANG_WARN__DUPLICATE_METHOD_MATCH = YES;
				CODE_SIGN_IDENTITY = "iPhone Developer";
				COPY_PHASE_STRIP = NO;
				DEBUG_INFORMATION_FORMAT = "dwarf-with-dsym";
				ENABLE_NS_ASSERTIONS = NO;
				ENABLE_STRICT_OBJC_MSGSEND = YES;
				GCC_C_LANGUAGE_STANDARD = gnu11;
				GCC_NO_COMMON_BLOCKS = YES;
				GCC_WARN_64_TO_32_BIT_CONVERSION = YES;
				GCC_WARN_ABOUT_RETURN_TYPE = YES_ERROR;
				GCC_WARN_UNDECLARED_SELECTOR = YES;
				GCC_WARN_UNINITIALIZED_AUTOS = YES_AGGRESSIVE;
				GCC_WARN_UNUSED_FUNCTION = YES;
				GCC_WARN_UNUSED_VARIABLE = YES;
				IPHONEOS_DEPLOYMENT_TARGET = 11.2;
				MTL_ENABLE_DEBUG_INFO = NO;
				SDKROOT = iphoneos;
				SWIFT_OPTIMIZATION_LEVEL = "-Owholemodule";
				VALIDATE_PRODUCT = YES;
			};
			name = Release;
		};
		3123A510205C268800403CEE /* Debug */ = {
			isa = XCBuildConfiguration;
			buildSettings = {
				ASSETCATALOG_COMPILER_APPICON_NAME = AppIcon;
				CODE_SIGN_STYLE = Automatic;
				DEVELOPMENT_TEAM = H7ZZ4473DX;
				INFOPLIST_FILE = trailguide/Info.plist;
				LD_RUNPATH_SEARCH_PATHS = "$(inherited) @executable_path/Frameworks";
				PRODUCT_BUNDLE_IDENTIFIER = com.danbonehillapps.trailguide;
				PRODUCT_NAME = "$(TARGET_NAME)";
				SWIFT_VERSION = 4.0;
				TARGETED_DEVICE_FAMILY = "1,2";
			};
			name = Debug;
		};
		3123A511205C268800403CEE /* Release */ = {
			isa = XCBuildConfiguration;
			buildSettings = {
				ASSETCATALOG_COMPILER_APPICON_NAME = AppIcon;
				CODE_SIGN_STYLE = Automatic;
				DEVELOPMENT_TEAM = H7ZZ4473DX;
				INFOPLIST_FILE = trailguide/Info.plist;
				LD_RUNPATH_SEARCH_PATHS = "$(inherited) @executable_path/Frameworks";
				PRODUCT_BUNDLE_IDENTIFIER = com.danbonehillapps.trailguide;
				PRODUCT_NAME = "$(TARGET_NAME)";
				SWIFT_VERSION = 4.0;
				TARGETED_DEVICE_FAMILY = "1,2";
			};
			name = Release;
		};
/* End XCBuildConfiguration section */

/* Begin XCConfigurationList section */
		3123A4F8205C268800403CEE /* Build configuration list for PBXProject "trailguide" */ = {
			isa = XCConfigurationList;
			buildConfigurations = (
				3123A50D205C268800403CEE /* Debug */,
				3123A50E205C268800403CEE /* Release */,
			);
			defaultConfigurationIsVisible = 0;
			defaultConfigurationName = Release;
		};
		3123A50F205C268800403CEE /* Build configuration list for PBXNativeTarget "trailguide" */ = {
			isa = XCConfigurationList;
			buildConfigurations = (
				3123A510205C268800403CEE /* Debug */,
				3123A511205C268800403CEE /* Release */,
			);
			defaultConfigurationIsVisible = 0;
			defaultConfigurationName = Release;
		};
/* End XCConfigurationList section */
	};
	rootObject = 3123A4F5205C268800403CEE /* Project object */;
}
